// !$*UTF8*$!
{
	archiveVersion = 1;
	classes = {
	};
	objectVersion = 56;
	objects = {

/* Begin PBXBuildFile section */
		15A4DD3E2A8F81FF00B350CD /* AppDelegate.swift in Sources */ = {isa = PBXBuildFile; fileRef = 15A4DD3D2A8F81FF00B350CD /* AppDelegate.swift */; };
		15A4DD402A8F81FF00B350CD /* SceneDelegate.swift in Sources */ = {isa = PBXBuildFile; fileRef = 15A4DD3F2A8F81FF00B350CD /* SceneDelegate.swift */; };
		15A4DD422A8F81FF00B350CD /* ViewController.swift in Sources */ = {isa = PBXBuildFile; fileRef = 15A4DD412A8F81FF00B350CD /* ViewController.swift */; };
		15A4DD452A8F81FF00B350CD /* Main.storyboard in Resources */ = {isa = PBXBuildFile; fileRef = 15A4DD432A8F81FF00B350CD /* Main.storyboard */; };
		15A4DD472A8F820100B350CD /* Assets.xcassets in Resources */ = {isa = PBXBuildFile; fileRef = 15A4DD462A8F820100B350CD /* Assets.xcassets */; };
		15A4DD4A2A8F820100B350CD /* LaunchScreen.storyboard in Resources */ = {isa = PBXBuildFile; fileRef = 15A4DD482A8F820100B350CD /* LaunchScreen.storyboard */; };
		15A4DD552A8F820100B350CD /* GuessTheLogoTests.swift in Sources */ = {isa = PBXBuildFile; fileRef = 15A4DD542A8F820100B350CD /* GuessTheLogoTests.swift */; };
		15A4DD5F2A8F820100B350CD /* GuessTheLogoUITests.swift in Sources */ = {isa = PBXBuildFile; fileRef = 15A4DD5E2A8F820100B350CD /* GuessTheLogoUITests.swift */; };
		15A4DD612A8F820100B350CD /* GuessTheLogoUITestsLaunchTests.swift in Sources */ = {isa = PBXBuildFile; fileRef = 15A4DD602A8F820100B350CD /* GuessTheLogoUITestsLaunchTests.swift */; };
/* End PBXBuildFile section */

/* Begin PBXContainerItemProxy section */
		15A4DD512A8F820100B350CD /* PBXContainerItemProxy */ = {
			isa = PBXContainerItemProxy;
			containerPortal = 15A4DD322A8F81FF00B350CD /* Project object */;
			proxyType = 1;
			remoteGlobalIDString = 15A4DD392A8F81FF00B350CD;
			remoteInfo = GuessTheLogo;
		};
		15A4DD5B2A8F820100B350CD /* PBXContainerItemProxy */ = {
			isa = PBXContainerItemProxy;
			containerPortal = 15A4DD322A8F81FF00B350CD /* Project object */;
			proxyType = 1;
			remoteGlobalIDString = 15A4DD392A8F81FF00B350CD;
			remoteInfo = GuessTheLogo;
		};
/* End PBXContainerItemProxy section */

/* Begin PBXFileReference section */
		15A4DD3A2A8F81FF00B350CD /* GuessTheLogo.app */ = {isa = PBXFileReference; explicitFileType = wrapper.application; includeInIndex = 0; path = GuessTheLogo.app; sourceTree = BUILT_PRODUCTS_DIR; };
		15A4DD3D2A8F81FF00B350CD /* AppDelegate.swift */ = {isa = PBXFileReference; lastKnownFileType = sourcecode.swift; path = AppDelegate.swift; sourceTree = "<group>"; };
		15A4DD3F2A8F81FF00B350CD /* SceneDelegate.swift */ = {isa = PBXFileReference; lastKnownFileType = sourcecode.swift; path = SceneDelegate.swift; sourceTree = "<group>"; };
		15A4DD412A8F81FF00B350CD /* ViewController.swift */ = {isa = PBXFileReference; lastKnownFileType = sourcecode.swift; path = ViewController.swift; sourceTree = "<group>"; };
		15A4DD442A8F81FF00B350CD /* Base */ = {isa = PBXFileReference; lastKnownFileType = file.storyboard; name = Base; path = Base.lproj/Main.storyboard; sourceTree = "<group>"; };
		15A4DD462A8F820100B350CD /* Assets.xcassets */ = {isa = PBXFileReference; lastKnownFileType = folder.assetcatalog; path = Assets.xcassets; sourceTree = "<group>"; };
		15A4DD492A8F820100B350CD /* Base */ = {isa = PBXFileReference; lastKnownFileType = file.storyboard; name = Base; path = Base.lproj/LaunchScreen.storyboard; sourceTree = "<group>"; };
		15A4DD4B2A8F820100B350CD /* Info.plist */ = {isa = PBXFileReference; lastKnownFileType = text.plist.xml; path = Info.plist; sourceTree = "<group>"; };
		15A4DD502A8F820100B350CD /* GuessTheLogoTests.xctest */ = {isa = PBXFileReference; explicitFileType = wrapper.cfbundle; includeInIndex = 0; path = GuessTheLogoTests.xctest; sourceTree = BUILT_PRODUCTS_DIR; };
		15A4DD542A8F820100B350CD /* GuessTheLogoTests.swift */ = {isa = PBXFileReference; lastKnownFileType = sourcecode.swift; path = GuessTheLogoTests.swift; sourceTree = "<group>"; };
		15A4DD5A2A8F820100B350CD /* GuessTheLogoUITests.xctest */ = {isa = PBXFileReference; explicitFileType = wrapper.cfbundle; includeInIndex = 0; path = GuessTheLogoUITests.xctest; sourceTree = BUILT_PRODUCTS_DIR; };
		15A4DD5E2A8F820100B350CD /* GuessTheLogoUITests.swift */ = {isa = PBXFileReference; lastKnownFileType = sourcecode.swift; path = GuessTheLogoUITests.swift; sourceTree = "<group>"; };
		15A4DD602A8F820100B350CD /* GuessTheLogoUITestsLaunchTests.swift */ = {isa = PBXFileReference; lastKnownFileType = sourcecode.swift; path = GuessTheLogoUITestsLaunchTests.swift; sourceTree = "<group>"; };
/* End PBXFileReference section */

/* Begin PBXFrameworksBuildPhase section */
		15A4DD372A8F81FF00B350CD /* Frameworks */ = {
			isa = PBXFrameworksBuildPhase;
			buildActionMask = 2147483647;
			files = (
			);
			runOnlyForDeploymentPostprocessing = 0;
		};
		15A4DD4D2A8F820100B350CD /* Frameworks */ = {
			isa = PBXFrameworksBuildPhase;
			buildActionMask = 2147483647;
			files = (
			);
			runOnlyForDeploymentPostprocessing = 0;
		};
		15A4DD572A8F820100B350CD /* Frameworks */ = {
			isa = PBXFrameworksBuildPhase;
			buildActionMask = 2147483647;
			files = (
			);
			runOnlyForDeploymentPostprocessing = 0;
		};
/* End PBXFrameworksBuildPhase section */

/* Begin PBXGroup section */
		15A4DD312A8F81FF00B350CD = {
			isa = PBXGroup;
			children = (
				15A4DD3C2A8F81FF00B350CD /* GuessTheLogo */,
				15A4DD532A8F820100B350CD /* GuessTheLogoTests */,
				15A4DD5D2A8F820100B350CD /* GuessTheLogoUITests */,
				15A4DD3B2A8F81FF00B350CD /* Products */,
			);
			sourceTree = "<group>";
		};
		15A4DD3B2A8F81FF00B350CD /* Products */ = {
			isa = PBXGroup;
			children = (
				15A4DD3A2A8F81FF00B350CD /* GuessTheLogo.app */,
				15A4DD502A8F820100B350CD /* GuessTheLogoTests.xctest */,
				15A4DD5A2A8F820100B350CD /* GuessTheLogoUITests.xctest */,
			);
			name = Products;
			sourceTree = "<group>";
		};
		15A4DD3C2A8F81FF00B350CD /* GuessTheLogo */ = {
			isa = PBXGroup;
			children = (
				15A4DD3D2A8F81FF00B350CD /* AppDelegate.swift */,
				15A4DD3F2A8F81FF00B350CD /* SceneDelegate.swift */,
				15A4DD412A8F81FF00B350CD /* ViewController.swift */,
				15A4DD432A8F81FF00B350CD /* Main.storyboard */,
				15A4DD462A8F820100B350CD /* Assets.xcassets */,
				15A4DD482A8F820100B350CD /* LaunchScreen.storyboard */,
				15A4DD4B2A8F820100B350CD /* Info.plist */,
			);
			path = GuessTheLogo;
			sourceTree = "<group>";
		};
		15A4DD532A8F820100B350CD /* GuessTheLogoTests */ = {
			isa = PBXGroup;
			children = (
				15A4DD542A8F820100B350CD /* GuessTheLogoTests.swift */,
			);
			path = GuessTheLogoTests;
			sourceTree = "<group>";
		};
		15A4DD5D2A8F820100B350CD /* GuessTheLogoUITests */ = {
			isa = PBXGroup;
			children = (
				15A4DD5E2A8F820100B350CD /* GuessTheLogoUITests.swift */,
				15A4DD602A8F820100B350CD /* GuessTheLogoUITestsLaunchTests.swift */,
			);
			path = GuessTheLogoUITests;
			sourceTree = "<group>";
		};
/* End PBXGroup section */

/* Begin PBXNativeTarget section */
		15A4DD392A8F81FF00B350CD /* GuessTheLogo */ = {
			isa = PBXNativeTarget;
			buildConfigurationList = 15A4DD642A8F820100B350CD /* Build configuration list for PBXNativeTarget "GuessTheLogo" */;
			buildPhases = (
				15A4DD362A8F81FF00B350CD /* Sources */,
				15A4DD372A8F81FF00B350CD /* Frameworks */,
				15A4DD382A8F81FF00B350CD /* Resources */,
			);
			buildRules = (
			);
			dependencies = (
			);
			name = GuessTheLogo;
			productName = GuessTheLogo;
			productReference = 15A4DD3A2A8F81FF00B350CD /* GuessTheLogo.app */;
			productType = "com.apple.product-type.application";
		};
		15A4DD4F2A8F820100B350CD /* GuessTheLogoTests */ = {
			isa = PBXNativeTarget;
			buildConfigurationList = 15A4DD672A8F820100B350CD /* Build configuration list for PBXNativeTarget "GuessTheLogoTests" */;
			buildPhases = (
				15A4DD4C2A8F820100B350CD /* Sources */,
				15A4DD4D2A8F820100B350CD /* Frameworks */,
				15A4DD4E2A8F820100B350CD /* Resources */,
			);
			buildRules = (
			);
			dependencies = (
				15A4DD522A8F820100B350CD /* PBXTargetDependency */,
			);
			name = GuessTheLogoTests;
			productName = GuessTheLogoTests;
			productReference = 15A4DD502A8F820100B350CD /* GuessTheLogoTests.xctest */;
			productType = "com.apple.product-type.bundle.unit-test";
		};
		15A4DD592A8F820100B350CD /* GuessTheLogoUITests */ = {
			isa = PBXNativeTarget;
			buildConfigurationList = 15A4DD6A2A8F820100B350CD /* Build configuration list for PBXNativeTarget "GuessTheLogoUITests" */;
			buildPhases = (
				15A4DD562A8F820100B350CD /* Sources */,
				15A4DD572A8F820100B350CD /* Frameworks */,
				15A4DD582A8F820100B350CD /* Resources */,
			);
			buildRules = (
			);
			dependencies = (
				15A4DD5C2A8F820100B350CD /* PBXTargetDependency */,
			);
			name = GuessTheLogoUITests;
			productName = GuessTheLogoUITests;
			productReference = 15A4DD5A2A8F820100B350CD /* GuessTheLogoUITests.xctest */;
			productType = "com.apple.product-type.bundle.ui-testing";
		};
/* End PBXNativeTarget section */

/* Begin PBXProject section */
		15A4DD322A8F81FF00B350CD /* Project object */ = {
			isa = PBXProject;
			attributes = {
				BuildIndependentTargetsInParallel = 1;
				LastSwiftUpdateCheck = 1430;
				LastUpgradeCheck = 1430;
				TargetAttributes = {
					15A4DD392A8F81FF00B350CD = {
						CreatedOnToolsVersion = 14.3.1;
					};
					15A4DD4F2A8F820100B350CD = {
						CreatedOnToolsVersion = 14.3.1;
						TestTargetID = 15A4DD392A8F81FF00B350CD;
					};
					15A4DD592A8F820100B350CD = {
						CreatedOnToolsVersion = 14.3.1;
						TestTargetID = 15A4DD392A8F81FF00B350CD;
					};
				};
			};
			buildConfigurationList = 15A4DD352A8F81FF00B350CD /* Build configuration list for PBXProject "GuessTheLogo" */;
			compatibilityVersion = "Xcode 14.0";
			developmentRegion = en;
			hasScannedForEncodings = 0;
			knownRegions = (
				en,
				Base,
			);
			mainGroup = 15A4DD312A8F81FF00B350CD;
			productRefGroup = 15A4DD3B2A8F81FF00B350CD /* Products */;
			projectDirPath = "";
			projectRoot = "";
			targets = (
				15A4DD392A8F81FF00B350CD /* GuessTheLogo */,
				15A4DD4F2A8F820100B350CD /* GuessTheLogoTests */,
				15A4DD592A8F820100B350CD /* GuessTheLogoUITests */,
			);
		};
/* End PBXProject section */

/* Begin PBXResourcesBuildPhase section */
		15A4DD382A8F81FF00B350CD /* Resources */ = {
			isa = PBXResourcesBuildPhase;
			buildActionMask = 2147483647;
			files = (
				15A4DD4A2A8F820100B350CD /* LaunchScreen.storyboard in Resources */,
				15A4DD472A8F820100B350CD /* Assets.xcassets in Resources */,
				15A4DD452A8F81FF00B350CD /* Main.storyboard in Resources */,
			);
			runOnlyForDeploymentPostprocessing = 0;
		};
		15A4DD4E2A8F820100B350CD /* Resources */ = {
			isa = PBXResourcesBuildPhase;
			buildActionMask = 2147483647;
			files = (
			);
			runOnlyForDeploymentPostprocessing = 0;
		};
		15A4DD582A8F820100B350CD /* Resources */ = {
			isa = PBXResourcesBuildPhase;
			buildActionMask = 2147483647;
			files = (
			);
			runOnlyForDeploymentPostprocessing = 0;
		};
/* End PBXResourcesBuildPhase section */

/* Begin PBXSourcesBuildPhase section */
		15A4DD362A8F81FF00B350CD /* Sources */ = {
			isa = PBXSourcesBuildPhase;
			buildActionMask = 2147483647;
			files = (
				15A4DD422A8F81FF00B350CD /* ViewController.swift in Sources */,
				15A4DD3E2A8F81FF00B350CD /* AppDelegate.swift in Sources */,
				15A4DD402A8F81FF00B350CD /* SceneDelegate.swift in Sources */,
			);
			runOnlyForDeploymentPostprocessing = 0;
		};
		15A4DD4C2A8F820100B350CD /* Sources */ = {
			isa = PBXSourcesBuildPhase;
			buildActionMask = 2147483647;
			files = (
				15A4DD552A8F820100B350CD /* GuessTheLogoTests.swift in Sources */,
			);
			runOnlyForDeploymentPostprocessing = 0;
		};
		15A4DD562A8F820100B350CD /* Sources */ = {
			isa = PBXSourcesBuildPhase;
			buildActionMask = 2147483647;
			files = (
				15A4DD5F2A8F820100B350CD /* GuessTheLogoUITests.swift in Sources */,
				15A4DD612A8F820100B350CD /* GuessTheLogoUITestsLaunchTests.swift in Sources */,
			);
			runOnlyForDeploymentPostprocessing = 0;
		};
/* End PBXSourcesBuildPhase section */

/* Begin PBXTargetDependency section */
		15A4DD522A8F820100B350CD /* PBXTargetDependency */ = {
			isa = PBXTargetDependency;
			target = 15A4DD392A8F81FF00B350CD /* GuessTheLogo */;
			targetProxy = 15A4DD512A8F820100B350CD /* PBXContainerItemProxy */;
		};
		15A4DD5C2A8F820100B350CD /* PBXTargetDependency */ = {
			isa = PBXTargetDependency;
			target = 15A4DD392A8F81FF00B350CD /* GuessTheLogo */;
			targetProxy = 15A4DD5B2A8F820100B350CD /* PBXContainerItemProxy */;
		};
/* End PBXTargetDependency section */

/* Begin PBXVariantGroup section */
		15A4DD432A8F81FF00B350CD /* Main.storyboard */ = {
			isa = PBXVariantGroup;
			children = (
				15A4DD442A8F81FF00B350CD /* Base */,
			);
			name = Main.storyboard;
			sourceTree = "<group>";
		};
		15A4DD482A8F820100B350CD /* LaunchScreen.storyboard */ = {
			isa = PBXVariantGroup;
			children = (
				15A4DD492A8F820100B350CD /* Base */,
			);
			name = LaunchScreen.storyboard;
			sourceTree = "<group>";
		};
/* End PBXVariantGroup section */

/* Begin XCBuildConfiguration section */
		15A4DD622A8F820100B350CD /* Debug */ = {
			isa = XCBuildConfiguration;
			buildSettings = {
				ALWAYS_SEARCH_USER_PATHS = NO;
				CLANG_ANALYZER_NONNULL = YES;
				CLANG_ANALYZER_NUMBER_OBJECT_CONVERSION = YES_AGGRESSIVE;
				CLANG_CXX_LANGUAGE_STANDARD = "gnu++20";
				CLANG_ENABLE_MODULES = YES;
				CLANG_ENABLE_OBJC_ARC = YES;
				CLANG_ENABLE_OBJC_WEAK = YES;
				CLANG_WARN_BLOCK_CAPTURE_AUTORELEASING = YES;
				CLANG_WARN_BOOL_CONVERSION = YES;
				CLANG_WARN_COMMA = YES;
				CLANG_WARN_CONSTANT_CONVERSION = YES;
				CLANG_WARN_DEPRECATED_OBJC_IMPLEMENTATIONS = YES;
				CLANG_WARN_DIRECT_OBJC_ISA_USAGE = YES_ERROR;
				CLANG_WARN_DOCUMENTATION_COMMENTS = YES;
				CLANG_WARN_EMPTY_BODY = YES;
				CLANG_WARN_ENUM_CONVERSION = YES;
				CLANG_WARN_INFINITE_RECURSION = YES;
				CLANG_WARN_INT_CONVERSION = YES;
				CLANG_WARN_NON_LITERAL_NULL_CONVERSION = YES;
				CLANG_WARN_OBJC_IMPLICIT_RETAIN_SELF = YES;
				CLANG_WARN_OBJC_LITERAL_CONVERSION = YES;
				CLANG_WARN_OBJC_ROOT_CLASS = YES_ERROR;
				CLANG_WARN_QUOTED_INCLUDE_IN_FRAMEWORK_HEADER = YES;
				CLANG_WARN_RANGE_LOOP_ANALYSIS = YES;
				CLANG_WARN_STRICT_PROTOTYPES = YES;
				CLANG_WARN_SUSPICIOUS_MOVE = YES;
				CLANG_WARN_UNGUARDED_AVAILABILITY = YES_AGGRESSIVE;
				CLANG_WARN_UNREACHABLE_CODE = YES;
				CLANG_WARN__DUPLICATE_METHOD_MATCH = YES;
				COPY_PHASE_STRIP = NO;
				DEBUG_INFORMATION_FORMAT = dwarf;
				ENABLE_STRICT_OBJC_MSGSEND = YES;
				ENABLE_TESTABILITY = YES;
				GCC_C_LANGUAGE_STANDARD = gnu11;
				GCC_DYNAMIC_NO_PIC = NO;
				GCC_NO_COMMON_BLOCKS = YES;
				GCC_OPTIMIZATION_LEVEL = 0;
				GCC_PREPROCESSOR_DEFINITIONS = (
					"DEBUG=1",
					"$(inherited)",
				);
				GCC_WARN_64_TO_32_BIT_CONVERSION = YES;
				GCC_WARN_ABOUT_RETURN_TYPE = YES_ERROR;
				GCC_WARN_UNDECLARED_SELECTOR = YES;
				GCC_WARN_UNINITIALIZED_AUTOS = YES_AGGRESSIVE;
				GCC_WARN_UNUSED_FUNCTION = YES;
				GCC_WARN_UNUSED_VARIABLE = YES;
				IPHONEOS_DEPLOYMENT_TARGET = 16.4;
				MTL_ENABLE_DEBUG_INFO = INCLUDE_SOURCE;
				MTL_FAST_MATH = YES;
				ONLY_ACTIVE_ARCH = YES;
				SDKROOT = iphoneos;
				SWIFT_ACTIVE_COMPILATION_CONDITIONS = DEBUG;
				SWIFT_OPTIMIZATION_LEVEL = "-Onone";
			};
			name = Debug;
		};
		15A4DD632A8F820100B350CD /* Release */ = {
			isa = XCBuildConfiguration;
			buildSettings = {
				ALWAYS_SEARCH_USER_PATHS = NO;
				CLANG_ANALYZER_NONNULL = YES;
				CLANG_ANALYZER_NUMBER_OBJECT_CONVERSION = YES_AGGRESSIVE;
				CLANG_CXX_LANGUAGE_STANDARD = "gnu++20";
				CLANG_ENABLE_MODULES = YES;
				CLANG_ENABLE_OBJC_ARC = YES;
				CLANG_ENABLE_OBJC_WEAK = YES;
				CLANG_WARN_BLOCK_CAPTURE_AUTORELEASING = YES;
				CLANG_WARN_BOOL_CONVERSION = YES;
				CLANG_WARN_COMMA = YES;
				CLANG_WARN_CONSTANT_CONVERSION = YES;
				CLANG_WARN_DEPRECATED_OBJC_IMPLEMENTATIONS = YES;
				CLANG_WARN_DIRECT_OBJC_ISA_USAGE = YES_ERROR;
				CLANG_WARN_DOCUMENTATION_COMMENTS = YES;
				CLANG_WARN_EMPTY_BODY = YES;
				CLANG_WARN_ENUM_CONVERSION = YES;
				CLANG_WARN_INFINITE_RECURSION = YES;
				CLANG_WARN_INT_CONVERSION = YES;
				CLANG_WARN_NON_LITERAL_NULL_CONVERSION = YES;
				CLANG_WARN_OBJC_IMPLICIT_RETAIN_SELF = YES;
				CLANG_WARN_OBJC_LITERAL_CONVERSION = YES;
				CLANG_WARN_OBJC_ROOT_CLASS = YES_ERROR;
				CLANG_WARN_QUOTED_INCLUDE_IN_FRAMEWORK_HEADER = YES;
				CLANG_WARN_RANGE_LOOP_ANALYSIS = YES;
				CLANG_WARN_STRICT_PROTOTYPES = YES;
				CLANG_WARN_SUSPICIOUS_MOVE = YES;
				CLANG_WARN_UNGUARDED_AVAILABILITY = YES_AGGRESSIVE;
				CLANG_WARN_UNREACHABLE_CODE = YES;
				CLANG_WARN__DUPLICATE_METHOD_MATCH = YES;
				COPY_PHASE_STRIP = NO;
				DEBUG_INFORMATION_FORMAT = "dwarf-with-dsym";
				ENABLE_NS_ASSERTIONS = NO;
				ENABLE_STRICT_OBJC_MSGSEND = YES;
				GCC_C_LANGUAGE_STANDARD = gnu11;
				GCC_NO_COMMON_BLOCKS = YES;
				GCC_WARN_64_TO_32_BIT_CONVERSION = YES;
				GCC_WARN_ABOUT_RETURN_TYPE = YES_ERROR;
				GCC_WARN_UNDECLARED_SELECTOR = YES;
				GCC_WARN_UNINITIALIZED_AUTOS = YES_AGGRESSIVE;
				GCC_WARN_UNUSED_FUNCTION = YES;
				GCC_WARN_UNUSED_VARIABLE = YES;
				IPHONEOS_DEPLOYMENT_TARGET = 16.4;
				MTL_ENABLE_DEBUG_INFO = NO;
				MTL_FAST_MATH = YES;
				SDKROOT = iphoneos;
				SWIFT_COMPILATION_MODE = wholemodule;
				SWIFT_OPTIMIZATION_LEVEL = "-O";
				VALIDATE_PRODUCT = YES;
			};
			name = Release;
		};
		15A4DD652A8F820100B350CD /* Debug */ = {
			isa = XCBuildConfiguration;
			buildSettings = {
				ASSETCATALOG_COMPILER_APPICON_NAME = AppIcon;
				ASSETCATALOG_COMPILER_GLOBAL_ACCENT_COLOR_NAME = AccentColor;
				CODE_SIGN_STYLE = Automatic;
				CURRENT_PROJECT_VERSION = 1;
				GENERATE_INFOPLIST_FILE = YES;
				INFOPLIST_FILE = GuessTheLogo/Info.plist;
				INFOPLIST_KEY_UIApplicationSupportsIndirectInputEvents = YES;
				INFOPLIST_KEY_UILaunchStoryboardName = LaunchScreen;
				INFOPLIST_KEY_UIMainStoryboardFile = Main;
				INFOPLIST_KEY_UISupportedInterfaceOrientations_iPad = "UIInterfaceOrientationPortrait UIInterfaceOrientationPortraitUpsideDown UIInterfaceOrientationLandscapeLeft UIInterfaceOrientationLandscapeRight";
				INFOPLIST_KEY_UISupportedInterfaceOrientations_iPhone = "UIInterfaceOrientationPortrait UIInterfaceOrientationLandscapeLeft UIInterfaceOrientationLandscapeRight";
				LD_RUNPATH_SEARCH_PATHS = (
					"$(inherited)",
					"@executable_path/Frameworks",
				);
				MARKETING_VERSION = 1.0;
				PRODUCT_BUNDLE_IDENTIFIER = a.GuessTheLogo;
				PRODUCT_NAME = "$(TARGET_NAME)";
				SWIFT_EMIT_LOC_STRINGS = YES;
				SWIFT_VERSION = 5.0;
				TARGETED_DEVICE_FAMILY = "1,2";
			};
			name = Debug;
		};
		15A4DD662A8F820100B350CD /* Release */ = {
			isa = XCBuildConfiguration;
			buildSettings = {
				ASSETCATALOG_COMPILER_APPICON_NAME = AppIcon;
				ASSETCATALOG_COMPILER_GLOBAL_ACCENT_COLOR_NAME = AccentColor;
				CODE_SIGN_STYLE = Automatic;
				CURRENT_PROJECT_VERSION = 1;
				GENERATE_INFOPLIST_FILE = YES;
				INFOPLIST_FILE = GuessTheLogo/Info.plist;
				INFOPLIST_KEY_UIApplicationSupportsIndirectInputEvents = YES;
				INFOPLIST_KEY_UILaunchStoryboardName = LaunchScreen;
				INFOPLIST_KEY_UIMainStoryboardFile = Main;
				INFOPLIST_KEY_UISupportedInterfaceOrientations_iPad = "UIInterfaceOrientationPortrait UIInterfaceOrientationPortraitUpsideDown UIInterfaceOrientationLandscapeLeft UIInterfaceOrientationLandscapeRight";
				INFOPLIST_KEY_UISupportedInterfaceOrientations_iPhone = "UIInterfaceOrientationPortrait UIInterfaceOrientationLandscapeLeft UIInterfaceOrientationLandscapeRight";
				LD_RUNPATH_SEARCH_PATHS = (
					"$(inherited)",
					"@executable_path/Frameworks",
				);
				MARKETING_VERSION = 1.0;
				PRODUCT_BUNDLE_IDENTIFIER = a.GuessTheLogo;
				PRODUCT_NAME = "$(TARGET_NAME)";
				SWIFT_EMIT_LOC_STRINGS = YES;
				SWIFT_VERSION = 5.0;
				TARGETED_DEVICE_FAMILY = "1,2";
			};
			name = Release;
		};
		15A4DD682A8F820100B350CD /* Debug */ = {
			isa = XCBuildConfiguration;
			buildSettings = {
				ALWAYS_EMBED_SWIFT_STANDARD_LIBRARIES = YES;
				BUNDLE_LOADER = "$(TEST_HOST)";
				CODE_SIGN_STYLE = Automatic;
				CURRENT_PROJECT_VERSION = 1;
				GENERATE_INFOPLIST_FILE = YES;
				IPHONEOS_DEPLOYMENT_TARGET = 16.4;
				MARKETING_VERSION = 1.0;
				PRODUCT_BUNDLE_IDENTIFIER = a.GuessTheLogoTests;
				PRODUCT_NAME = "$(TARGET_NAME)";
				SWIFT_EMIT_LOC_STRINGS = NO;
				SWIFT_VERSION = 5.0;
				TARGETED_DEVICE_FAMILY = "1,2";
				TEST_HOST = "$(BUILT_PRODUCTS_DIR)/GuessTheLogo.app/$(BUNDLE_EXECUTABLE_FOLDER_PATH)/GuessTheLogo";
			};
			name = Debug;
		};
		15A4DD692A8F820100B350CD /* Release */ = {
			isa = XCBuildConfiguration;
			buildSettings = {
				ALWAYS_EMBED_SWIFT_STANDARD_LIBRARIES = YES;
				BUNDLE_LOADER = "$(TEST_HOST)";
				CODE_SIGN_STYLE = Automatic;
				CURRENT_PROJECT_VERSION = 1;
				GENERATE_INFOPLIST_FILE = YES;
				IPHONEOS_DEPLOYMENT_TARGET = 16.4;
				MARKETING_VERSION = 1.0;
				PRODUCT_BUNDLE_IDENTIFIER = a.GuessTheLogoTests;
				PRODUCT_NAME = "$(TARGET_NAME)";
				SWIFT_EMIT_LOC_STRINGS = NO;
				SWIFT_VERSION = 5.0;
				TARGETED_DEVICE_FAMILY = "1,2";
				TEST_HOST = "$(BUILT_PRODUCTS_DIR)/GuessTheLogo.app/$(BUNDLE_EXECUTABLE_FOLDER_PATH)/GuessTheLogo";
			};
			name = Release;
		};
		15A4DD6B2A8F820100B350CD /* Debug */ = {
			isa = XCBuildConfiguration;
			buildSettings = {
				ALWAYS_EMBED_SWIFT_STANDARD_LIBRARIES = YES;
				CODE_SIGN_STYLE = Automatic;
				CURRENT_PROJECT_VERSION = 1;
				GENERATE_INFOPLIST_FILE = YES;
				MARKETING_VERSION = 1.0;
				PRODUCT_BUNDLE_IDENTIFIER = a.GuessTheLogoUITests;
				PRODUCT_NAME = "$(TARGET_NAME)";
				SWIFT_EMIT_LOC_STRINGS = NO;
				SWIFT_VERSION = 5.0;
				TARGETED_DEVICE_FAMILY = "1,2";
				TEST_TARGET_NAME = GuessTheLogo;
			};
			name = Debug;
		};
		15A4DD6C2A8F820100B350CD /* Release */ = {
			isa = XCBuildConfiguration;
			buildSettings = {
				ALWAYS_EMBED_SWIFT_STANDARD_LIBRARIES = YES;
				CODE_SIGN_STYLE = Automatic;
				CURRENT_PROJECT_VERSION = 1;
				GENERATE_INFOPLIST_FILE = YES;
				MARKETING_VERSION = 1.0;
				PRODUCT_BUNDLE_IDENTIFIER = a.GuessTheLogoUITests;
				PRODUCT_NAME = "$(TARGET_NAME)";
				SWIFT_EMIT_LOC_STRINGS = NO;
				SWIFT_VERSION = 5.0;
				TARGETED_DEVICE_FAMILY = "1,2";
				TEST_TARGET_NAME = GuessTheLogo;
			};
			name = Release;
		};
/* End XCBuildConfiguration section */

/* Begin XCConfigurationList section */
		15A4DD352A8F81FF00B350CD /* Build configuration list for PBXProject "GuessTheLogo" */ = {
			isa = XCConfigurationList;
			buildConfigurations = (
				15A4DD622A8F820100B350CD /* Debug */,
				15A4DD632A8F820100B350CD /* Release */,
			);
			defaultConfigurationIsVisible = 0;
			defaultConfigurationName = Release;
		};
		15A4DD642A8F820100B350CD /* Build configuration list for PBXNativeTarget "GuessTheLogo" */ = {
			isa = XCConfigurationList;
			buildConfigurations = (
				15A4DD652A8F820100B350CD /* Debug */,
				15A4DD662A8F820100B350CD /* Release */,
			);
			defaultConfigurationIsVisible = 0;
			defaultConfigurationName = Release;
		};
		15A4DD672A8F820100B350CD /* Build configuration list for PBXNativeTarget "GuessTheLogoTests" */ = {
			isa = XCConfigurationList;
			buildConfigurations = (
				15A4DD682A8F820100B350CD /* Debug */,
				15A4DD692A8F820100B350CD /* Release */,
			);
			defaultConfigurationIsVisible = 0;
			defaultConfigurationName = Release;
		};
		15A4DD6A2A8F820100B350CD /* Build configuration list for PBXNativeTarget "GuessTheLogoUITests" */ = {
			isa = XCConfigurationList;
			buildConfigurations = (
				15A4DD6B2A8F820100B350CD /* Debug */,
				15A4DD6C2A8F820100B350CD /* Release */,
			);
			defaultConfigurationIsVisible = 0;
			defaultConfigurationName = Release;
		};
/* End XCConfigurationList section */
	};
	rootObject = 15A4DD322A8F81FF00B350CD /* Project object */;
}
